
Microsoft Visual Studio Solution File, Format Version 11.00
# Visual Studio 2010
Project("{FAE04EC0-301F-11D3-BF4B-00C04F79EFBC}") = "NPlot", "NPlot\NPlot.csproj", "{E4B99177-77A3-4C92-B881-A6CB57E3BF89}"
EndProject
Project("{FAE04EC0-301F-11D3-BF4B-00C04F79EFBC}") = "GtkTest", "GtkTest\GtkTest.csproj", "{5415AE99-2877-4730-AF1F-F94DCD12C31A}"
EndProject
Project("{FAE04EC0-301F-11D3-BF4B-00C04F79EFBC}") = "SwfTest", "SwfTest\SwfTest.csproj", "{1BA22AB4-C228-4115-BEA2-1C2548BFCC33}"
EndProject
Project("{FAE04EC0-301F-11D3-BF4B-00C04F79EFBC}") = "Samples", "Samples\Samples.csproj", "{9D0F41B5-B50F-40B5-B319-9668E783B52A}"
EndProject
Global
	GlobalSection(SolutionConfigurationPlatforms) = preSolution
		Debug|x86 = Debug|x86
		Release|x86 = Release|x86
	EndGlobalSection
	GlobalSection(ProjectConfigurationPlatforms) = postSolution
		{1BA22AB4-C228-4115-BEA2-1C2548BFCC33}.Debug|x86.ActiveCfg = Debug|x86
		{1BA22AB4-C228-4115-BEA2-1C2548BFCC33}.Debug|x86.Build.0 = Debug|x86
		{1BA22AB4-C228-4115-BEA2-1C2548BFCC33}.Release|x86.ActiveCfg = Release|x86
		{1BA22AB4-C228-4115-BEA2-1C2548BFCC33}.Release|x86.Build.0 = Release|x86
		{5415AE99-2877-4730-AF1F-F94DCD12C31A}.Debug|x86.ActiveCfg = Debug|x86
		{5415AE99-2877-4730-AF1F-F94DCD12C31A}.Debug|x86.Build.0 = Debug|x86
		{5415AE99-2877-4730-AF1F-F94DCD12C31A}.Release|x86.ActiveCfg = Release|x86
		{5415AE99-2877-4730-AF1F-F94DCD12C31A}.Release|x86.Build.0 = Release|x86
		{9D0F41B5-B50F-40B5-B319-9668E783B52A}.Debug|x86.ActiveCfg = Debug|x86
		{9D0F41B5-B50F-40B5-B319-9668E783B52A}.Debug|x86.Build.0 = Debug|x86
		{9D0F41B5-B50F-40B5-B319-9668E783B52A}.Release|x86.ActiveCfg = Release|x86
		{9D0F41B5-B50F-40B5-B319-9668E783B52A}.Release|x86.Build.0 = Release|x86
		{E4B99177-77A3-4C92-B881-A6CB57E3BF89}.Debug|x86.ActiveCfg = Debug|x86
		{E4B99177-77A3-4C92-B881-A6CB57E3BF89}.Debug|x86.Build.0 = Debug|x86
		{E4B99177-77A3-4C92-B881-A6CB57E3BF89}.Release|x86.ActiveCfg = Release|x86
		{E4B99177-77A3-4C92-B881-A6CB57E3BF89}.Release|x86.Build.0 = Release|x86
	EndGlobalSection
	GlobalSection(MonoDevelopProperties) = preSolution
		StartupItem = SwfTest\SwfTest.csproj
		Policies = $0
		$0.TextStylePolicy = $1
		$1.inheritsSet = null
		$1.scope = text/x-csharp
		$0.CSharpFormattingPolicy = $2
		$2.inheritsSet = Mono
		$2.inheritsScope = text/x-csharp
		$2.scope = text/x-csharp
		$0.TextStylePolicy = $3
		$3.FileWidth = 120
		$3.TabsToSpaces = False
		$3.inheritsSet = VisualStudio
		$3.inheritsScope = text/plain
		$3.scope = text/plain
		$0.NameConventionPolicy = $4
		$4.Rules = $5
		$5.NamingRule = $6
		$6.Name = Namespaces
		$6.AffectedEntity = Namespace
		$6.VisibilityMask = VisibilityMask
		$6.NamingStyle = PascalCase
		$6.IncludeInstanceMembers = True
		$6.IncludeStaticEntities = True
		$5.NamingRule = $7
		$7.Name = Types
		$7.AffectedEntity = Class, Struct, Enum, Delegate
		$7.VisibilityMask = VisibilityMask
		$7.NamingStyle = PascalCase
		$7.IncludeInstanceMembers = True
		$7.IncludeStaticEntities = True
		$5.NamingRule = $8
		$8.Name = Interfaces
		$8.RequiredPrefixes = $9
		$9.String = I
		$8.AffectedEntity = Interface
		$8.VisibilityMask = VisibilityMask
		$8.NamingStyle = PascalCase
		$8.IncludeInstanceMembers = True
		$8.IncludeStaticEntities = True
		$5.NamingRule = $10
		$10.Name = Attributes
		$10.RequiredSuffixes = $11
		$11.String = Attribute
		$10.AffectedEntity = CustomAttributes
		$10.VisibilityMask = VisibilityMask
		$10.NamingStyle = PascalCase
		$10.IncludeInstanceMembers = True
		$10.IncludeStaticEntities = True
		$5.NamingRule = $12
		$12.Name = Event Arguments
		$12.RequiredSuffixes = $13
		$13.String = EventArgs
		$12.AffectedEntity = CustomEventArgs
		$12.VisibilityMask = VisibilityMask
		$12.NamingStyle = PascalCase
		$12.IncludeInstanceMembers = True
		$12.IncludeStaticEntities = True
		$5.NamingRule = $14
		$14.Name = Exceptions
		$14.RequiredSuffixes = $15
		$15.String = Exception
		$14.AffectedEntity = CustomExceptions
		$14.VisibilityMask = VisibilityMask
		$14.NamingStyle = PascalCase
		$14.IncludeInstanceMembers = True
		$14.IncludeStaticEntities = True
		$5.NamingRule = $16
		$16.Name = Methods
		$16.AffectedEntity = Methods
		$16.VisibilityMask = VisibilityMask
		$16.NamingStyle = PascalCase
		$16.IncludeInstanceMembers = True
		$16.IncludeStaticEntities = True
		$5.NamingRule = $17
		$17.Name = Static Readonly Fields
		$17.AffectedEntity = ReadonlyField
		$17.VisibilityMask = Internal, Protected, Public
		$17.NamingStyle = PascalCase
		$17.IncludeInstanceMembers = False
		$17.IncludeStaticEntities = True
		$5.NamingRule = $18
		$18.Name = Fields (Non Private)
		$18.AffectedEntity = Field
		$18.VisibilityMask = Internal, Protected, Public
		$18.NamingStyle = PascalCase
		$18.IncludeInstanceMembers = True
		$18.IncludeStaticEntities = True
		$5.NamingRule = $19
		$19.Name = ReadOnly Fields (Non Private)
		$19.AffectedEntity = ReadonlyField
		$19.VisibilityMask = Internal, Protected, Public
		$19.NamingStyle = PascalCase
		$19.IncludeInstanceMembers = True
		$19.IncludeStaticEntities = False
		$5.NamingRule = $20
		$20.Name = Fields (Private)
		$20.AllowedPrefixes = $21
		$21.String = _
		$21.String = m_
		$20.AffectedEntity = Field, ReadonlyField
		$20.VisibilityMask = Private
		$20.NamingStyle = CamelCase
		$20.IncludeInstanceMembers = True
		$20.IncludeStaticEntities = False
		$5.NamingRule = $22
		$22.Name = Static Fields (Private)
		$22.AffectedEntity = Field
		$22.VisibilityMask = Private
		$22.NamingStyle = CamelCase
		$22.IncludeInstanceMembers = False
		$22.IncludeStaticEntities = True
		$5.NamingRule = $23
		$23.Name = ReadOnly Fields (Private)
		$23.AllowedPrefixes = $24
		$24.String = _
		$24.String = m_
		$23.AffectedEntity = ReadonlyField
		$23.VisibilityMask = Private
		$23.NamingStyle = CamelCase
		$23.IncludeInstanceMembers = True
		$23.IncludeStaticEntities = False
		$5.NamingRule = $25
		$25.Name = Constant Fields
		$25.AffectedEntity = ConstantField
		$25.VisibilityMask = VisibilityMask
		$25.NamingStyle = PascalCase
		$25.IncludeInstanceMembers = True
		$25.IncludeStaticEntities = True
		$5.NamingRule = $26
		$26.Name = Properties
		$26.AffectedEntity = Property
		$26.VisibilityMask = VisibilityMask
		$26.NamingStyle = PascalCase
		$26.IncludeInstanceMembers = True
		$26.IncludeStaticEntities = True
		$5.NamingRule = $27
		$27.Name = Events
		$27.AffectedEntity = Event
		$27.VisibilityMask = VisibilityMask
		$27.NamingStyle = PascalCase
		$27.IncludeInstanceMembers = True
		$27.IncludeStaticEntities = True
		$5.NamingRule = $28
		$28.Name = Enum Members
		$28.AffectedEntity = EnumMember
		$28.VisibilityMask = VisibilityMask
		$28.NamingStyle = PascalCase
		$28.IncludeInstanceMembers = True
		$28.IncludeStaticEntities = True
		$5.NamingRule = $29
		$29.Name = Parameters
		$29.AffectedEntity = Parameter
		$29.VisibilityMask = VisibilityMask
		$29.NamingStyle = CamelCase
		$29.IncludeInstanceMembers = True
		$29.IncludeStaticEntities = True
		$5.NamingRule = $30
		$30.Name = Type Parameters
		$30.RequiredPrefixes = $31
		$31.String = T
		$30.AffectedEntity = TypeParameter
		$30.VisibilityMask = VisibilityMask
		$30.NamingStyle = PascalCase
		$30.IncludeInstanceMembers = True
		$30.IncludeStaticEntities = True
	EndGlobalSection
EndGlobal
